Microsoft Visual Studio Solution File, Format Version 12.00
# Visual Studio Version 17
VisualStudioVersion = 17.5.2.0
MinimumVisualStudioVersion = 10.0.40219.1
Project("{2150E333-8FDC-42A3-9474-1A3956D46DE8}") = "Common", "Common", "{881589EE-639B-0A35-DBCE-5D94E4FC90C0}"
EndProject
Project("{2150E333-8FDC-42A3-9474-1A3956D46DE8}") = "Modules", "Modules", "{CA253913-39DE-BFD0-C9A3-4B7EC6FBDF17}"
EndProject
Project("{FAE04EC0-301F-11D3-BF4B-00C04F79EFBC}") = "Common.Application", "Common\Common.Application\Common.Application.csproj", "{39DE8CDA-20B7-58B6-240E-0EE69B289904}"
EndProject
Project("{FAE04EC0-301F-11D3-BF4B-00C04F79EFBC}") = "Common.Domain", "Common\Common.Domain\Common.Domain.csproj", "{70ACE563-28F1-6401-808E-FFDD8B0F8FCC}"
EndProject
Project("{FAE04EC0-301F-11D3-BF4B-00C04F79EFBC}") = "Common.Infrastructure", "Common\Common.Infrastructure\Common.Infrastructure.csproj", "{5865FB00-D4EF-27FF-1E4D-FB79B2233AE6}"
EndProject
Project("{2150E333-8FDC-42A3-9474-1A3956D46DE8}") = "Blog", "Blog", "{04A29BAC-6908-ECD4-5BBA-227FA5EEC78E}"
EndProject
Project("{FAE04EC0-301F-11D3-BF4B-00C04F79EFBC}") = "BlogModules", "Modules\Blog\BlogModules\BlogModules.csproj", "{CA4D6315-BF82-79E3-DD03-2A2EA02F8702}"
EndProject
Global
	GlobalSection(SolutionConfigurationPlatforms) = preSolution
		Debug|Any CPU = Debug|Any CPU
		Release|Any CPU = Release|Any CPU
	EndGlobalSection
	GlobalSection(ProjectConfigurationPlatforms) = postSolution
		{39DE8CDA-20B7-58B6-240E-0EE69B289904}.Debug|Any CPU.ActiveCfg = Debug|Any CPU
		{39DE8CDA-20B7-58B6-240E-0EE69B289904}.Debug|Any CPU.Build.0 = Debug|Any CPU
		{39DE8CDA-20B7-58B6-240E-0EE69B289904}.Release|Any CPU.ActiveCfg = Release|Any CPU
		{39DE8CDA-20B7-58B6-240E-0EE69B289904}.Release|Any CPU.Build.0 = Release|Any CPU
		{70ACE563-28F1-6401-808E-FFDD8B0F8FCC}.Debug|Any CPU.ActiveCfg = Debug|Any CPU
		{70ACE563-28F1-6401-808E-FFDD8B0F8FCC}.Debug|Any CPU.Build.0 = Debug|Any CPU
		{70ACE563-28F1-6401-808E-FFDD8B0F8FCC}.Release|Any CPU.ActiveCfg = Release|Any CPU
		{70ACE563-28F1-6401-808E-FFDD8B0F8FCC}.Release|Any CPU.Build.0 = Release|Any CPU
		{5865FB00-D4EF-27FF-1E4D-FB79B2233AE6}.Debug|Any CPU.ActiveCfg = Debug|Any CPU
		{5865FB00-D4EF-27FF-1E4D-FB79B2233AE6}.Debug|Any CPU.Build.0 = Debug|Any CPU
		{5865FB00-D4EF-27FF-1E4D-FB79B2233AE6}.Release|Any CPU.ActiveCfg = Release|Any CPU
		{5865FB00-D4EF-27FF-1E4D-FB79B2233AE6}.Release|Any CPU.Build.0 = Release|Any CPU
		{CA4D6315-BF82-79E3-DD03-2A2EA02F8702}.Debug|Any CPU.ActiveCfg = Debug|Any CPU
		{CA4D6315-BF82-79E3-DD03-2A2EA02F8702}.Debug|Any CPU.Build.0 = Debug|Any CPU
		{CA4D6315-BF82-79E3-DD03-2A2EA02F8702}.Release|Any CPU.ActiveCfg = Release|Any CPU
		{CA4D6315-BF82-79E3-DD03-2A2EA02F8702}.Release|Any CPU.Build.0 = Release|Any CPU
	EndGlobalSection
	GlobalSection(SolutionProperties) = preSolution
		HideSolutionNode = FALSE
	EndGlobalSection
	GlobalSection(NestedProjects) = preSolution
		{39DE8CDA-20B7-58B6-240E-0EE69B289904} = {881589EE-639B-0A35-DBCE-5D94E4FC90C0}
		{70ACE563-28F1-6401-808E-FFDD8B0F8FCC} = {881589EE-639B-0A35-DBCE-5D94E4FC90C0}
		{5865FB00-D4EF-27FF-1E4D-FB79B2233AE6} = {881589EE-639B-0A35-DBCE-5D94E4FC90C0}
		{04A29BAC-6908-ECD4-5BBA-227FA5EEC78E} = {CA253913-39DE-BFD0-C9A3-4B7EC6FBDF17}
		{CA4D6315-BF82-79E3-DD03-2A2EA02F8702} = {04A29BAC-6908-ECD4-5BBA-227FA5EEC78E}
	EndGlobalSection
	GlobalSection(ExtensibilityGlobals) = postSolution
		SolutionGuid = {A09B1FE8-A0AF-48F2-B463-EA859D4EA8BE}
	EndGlobalSection
EndGlobal
